// !$*UTF8*$!
{
	archiveVersion = 1;
	classes = {
	};
	objectVersion = 50;
	objects = {

/* Begin PBXBuildFile section */
		07D8196123103246006450E4 /* AppDelegate.swift in Sources */ = {isa = PBXBuildFile; fileRef = 07D8196023103246006450E4 /* AppDelegate.swift */; };
		07D8196323103246006450E4 /* ViewController.swift in Sources */ = {isa = PBXBuildFile; fileRef = 07D8196223103246006450E4 /* ViewController.swift */; };
		07D8196623103246006450E4 /* Main.storyboard in Resources */ = {isa = PBXBuildFile; fileRef = 07D8196423103246006450E4 /* Main.storyboard */; };
		07D8196823103247006450E4 /* Assets.xcassets in Resources */ = {isa = PBXBuildFile; fileRef = 07D8196723103247006450E4 /* Assets.xcassets */; };
		07D8196B23103247006450E4 /* LaunchScreen.storyboard in Resources */ = {isa = PBXBuildFile; fileRef = 07D8196923103247006450E4 /* LaunchScreen.storyboard */; };
		07D8197623103247006450E4 /* RxSwiftStudyTests.swift in Sources */ = {isa = PBXBuildFile; fileRef = 07D8197523103247006450E4 /* RxSwiftStudyTests.swift */; };
		07D8198123103247006450E4 /* RxSwiftStudyUITests.swift in Sources */ = {isa = PBXBuildFile; fileRef = 07D8198023103247006450E4 /* RxSwiftStudyUITests.swift */; };
		184C3C24519E5FD4638805F4 /* Pods_RxSwiftStudy.framework in Frameworks */ = {isa = PBXBuildFile; fileRef = 484541C54262349B0CA0A31B /* Pods_RxSwiftStudy.framework */; };
		6807C9A665F310BC168E9664 /* Pods_RxSwiftStudyUITests.framework in Frameworks */ = {isa = PBXBuildFile; fileRef = FC9B612A072B083150312DE3 /* Pods_RxSwiftStudyUITests.framework */; };
		AFDE956CBAEB0E85613F37F1 /* Pods_RxSwiftStudyTests.framework in Frameworks */ = {isa = PBXBuildFile; fileRef = A6FB5787101A0D423DB24495 /* Pods_RxSwiftStudyTests.framework */; };
/* End PBXBuildFile section */

/* Begin PBXContainerItemProxy section */
		07D8197223103247006450E4 /* PBXContainerItemProxy */ = {
			isa = PBXContainerItemProxy;
			containerPortal = 07D8195523103246006450E4 /* Project object */;
			proxyType = 1;
			remoteGlobalIDString = 07D8195C23103246006450E4;
			remoteInfo = RxSwiftStudy;
		};
		07D8197D23103247006450E4 /* PBXContainerItemProxy */ = {
			isa = PBXContainerItemProxy;
			containerPortal = 07D8195523103246006450E4 /* Project object */;
			proxyType = 1;
			remoteGlobalIDString = 07D8195C23103246006450E4;
			remoteInfo = RxSwiftStudy;
		};
/* End PBXContainerItemProxy section */

/* Begin PBXFileReference section */
		00B05258053E88C198F4F2C5 /* Pods-RxSwiftStudy.debug.xcconfig */ = {isa = PBXFileReference; includeInIndex = 1; lastKnownFileType = text.xcconfig; name = "Pods-RxSwiftStudy.debug.xcconfig"; path = "Target Support Files/Pods-RxSwiftStudy/Pods-RxSwiftStudy.debug.xcconfig"; sourceTree = "<group>"; };
		07D8195D23103246006450E4 /* RxSwiftStudy.app */ = {isa = PBXFileReference; explicitFileType = wrapper.application; includeInIndex = 0; path = RxSwiftStudy.app; sourceTree = BUILT_PRODUCTS_DIR; };
		07D8196023103246006450E4 /* AppDelegate.swift */ = {isa = PBXFileReference; lastKnownFileType = sourcecode.swift; path = AppDelegate.swift; sourceTree = "<group>"; };
		07D8196223103246006450E4 /* ViewController.swift */ = {isa = PBXFileReference; lastKnownFileType = sourcecode.swift; path = ViewController.swift; sourceTree = "<group>"; };
		07D8196523103246006450E4 /* Base */ = {isa = PBXFileReference; lastKnownFileType = file.storyboard; name = Base; path = Base.lproj/Main.storyboard; sourceTree = "<group>"; };
		07D8196723103247006450E4 /* Assets.xcassets */ = {isa = PBXFileReference; lastKnownFileType = folder.assetcatalog; path = Assets.xcassets; sourceTree = "<group>"; };
		07D8196A23103247006450E4 /* Base */ = {isa = PBXFileReference; lastKnownFileType = file.storyboard; name = Base; path = Base.lproj/LaunchScreen.storyboard; sourceTree = "<group>"; };
		07D8196C23103247006450E4 /* Info.plist */ = {isa = PBXFileReference; lastKnownFileType = text.plist.xml; path = Info.plist; sourceTree = "<group>"; };
		07D8197123103247006450E4 /* RxSwiftStudyTests.xctest */ = {isa = PBXFileReference; explicitFileType = wrapper.cfbundle; includeInIndex = 0; path = RxSwiftStudyTests.xctest; sourceTree = BUILT_PRODUCTS_DIR; };
		07D8197523103247006450E4 /* RxSwiftStudyTests.swift */ = {isa = PBXFileReference; lastKnownFileType = sourcecode.swift; path = RxSwiftStudyTests.swift; sourceTree = "<group>"; };
		07D8197723103247006450E4 /* Info.plist */ = {isa = PBXFileReference; lastKnownFileType = text.plist.xml; path = Info.plist; sourceTree = "<group>"; };
		07D8197C23103247006450E4 /* RxSwiftStudyUITests.xctest */ = {isa = PBXFileReference; explicitFileType = wrapper.cfbundle; includeInIndex = 0; path = RxSwiftStudyUITests.xctest; sourceTree = BUILT_PRODUCTS_DIR; };
		07D8198023103247006450E4 /* RxSwiftStudyUITests.swift */ = {isa = PBXFileReference; lastKnownFileType = sourcecode.swift; path = RxSwiftStudyUITests.swift; sourceTree = "<group>"; };
		07D8198223103247006450E4 /* Info.plist */ = {isa = PBXFileReference; lastKnownFileType = text.plist.xml; path = Info.plist; sourceTree = "<group>"; };
		145F82073484F8A541678225 /* Pods-RxSwiftStudyUITests.debug.xcconfig */ = {isa = PBXFileReference; includeInIndex = 1; lastKnownFileType = text.xcconfig; name = "Pods-RxSwiftStudyUITests.debug.xcconfig"; path = "Target Support Files/Pods-RxSwiftStudyUITests/Pods-RxSwiftStudyUITests.debug.xcconfig"; sourceTree = "<group>"; };
		46423A367559BAC7F790CDCE /* Pods-RxSwiftStudy.release.xcconfig */ = {isa = PBXFileReference; includeInIndex = 1; lastKnownFileType = text.xcconfig; name = "Pods-RxSwiftStudy.release.xcconfig"; path = "Target Support Files/Pods-RxSwiftStudy/Pods-RxSwiftStudy.release.xcconfig"; sourceTree = "<group>"; };
		484541C54262349B0CA0A31B /* Pods_RxSwiftStudy.framework */ = {isa = PBXFileReference; explicitFileType = wrapper.framework; includeInIndex = 0; path = Pods_RxSwiftStudy.framework; sourceTree = BUILT_PRODUCTS_DIR; };
		728F893ABEBDDC814AE61B70 /* Pods-RxSwiftStudyTests.debug.xcconfig */ = {isa = PBXFileReference; includeInIndex = 1; lastKnownFileType = text.xcconfig; name = "Pods-RxSwiftStudyTests.debug.xcconfig"; path = "Target Support Files/Pods-RxSwiftStudyTests/Pods-RxSwiftStudyTests.debug.xcconfig"; sourceTree = "<group>"; };
		A6FB5787101A0D423DB24495 /* Pods_RxSwiftStudyTests.framework */ = {isa = PBXFileReference; explicitFileType = wrapper.framework; includeInIndex = 0; path = Pods_RxSwiftStudyTests.framework; sourceTree = BUILT_PRODUCTS_DIR; };
		DAD245363075C3FFE226DDA3 /* Pods-RxSwiftStudyTests.release.xcconfig */ = {isa = PBXFileReference; includeInIndex = 1; lastKnownFileType = text.xcconfig; name = "Pods-RxSwiftStudyTests.release.xcconfig"; path = "Target Support Files/Pods-RxSwiftStudyTests/Pods-RxSwiftStudyTests.release.xcconfig"; sourceTree = "<group>"; };
		F0D0200DD8C68FDF45D17E12 /* Pods-RxSwiftStudyUITests.release.xcconfig */ = {isa = PBXFileReference; includeInIndex = 1; lastKnownFileType = text.xcconfig; name = "Pods-RxSwiftStudyUITests.release.xcconfig"; path = "Target Support Files/Pods-RxSwiftStudyUITests/Pods-RxSwiftStudyUITests.release.xcconfig"; sourceTree = "<group>"; };
		FC9B612A072B083150312DE3 /* Pods_RxSwiftStudyUITests.framework */ = {isa = PBXFileReference; explicitFileType = wrapper.framework; includeInIndex = 0; path = Pods_RxSwiftStudyUITests.framework; sourceTree = BUILT_PRODUCTS_DIR; };
/* End PBXFileReference section */

/* Begin PBXFrameworksBuildPhase section */
		07D8195A23103246006450E4 /* Frameworks */ = {
			isa = PBXFrameworksBuildPhase;
			buildActionMask = 2147483647;
			files = (
				184C3C24519E5FD4638805F4 /* Pods_RxSwiftStudy.framework in Frameworks */,
			);
			runOnlyForDeploymentPostprocessing = 0;
		};
		07D8196E23103247006450E4 /* Frameworks */ = {
			isa = PBXFrameworksBuildPhase;
			buildActionMask = 2147483647;
			files = (
				AFDE956CBAEB0E85613F37F1 /* Pods_RxSwiftStudyTests.framework in Frameworks */,
			);
			runOnlyForDeploymentPostprocessing = 0;
		};
		07D8197923103247006450E4 /* Frameworks */ = {
			isa = PBXFrameworksBuildPhase;
			buildActionMask = 2147483647;
			files = (
				6807C9A665F310BC168E9664 /* Pods_RxSwiftStudyUITests.framework in Frameworks */,
			);
			runOnlyForDeploymentPostprocessing = 0;
		};
/* End PBXFrameworksBuildPhase section */

/* Begin PBXGroup section */
		07D8195423103246006450E4 = {
			isa = PBXGroup;
			children = (
				07D8195F23103246006450E4 /* RxSwiftStudy */,
				07D8197423103247006450E4 /* RxSwiftStudyTests */,
				07D8197F23103247006450E4 /* RxSwiftStudyUITests */,
				07D8195E23103246006450E4 /* Products */,
				2E473D78462416400EEB5F9A /* Pods */,
				BA2D99FD7DD841C7EDFB9246 /* Frameworks */,
			);
			sourceTree = "<group>";
		};
		07D8195E23103246006450E4 /* Products */ = {
			isa = PBXGroup;
			children = (
				07D8195D23103246006450E4 /* RxSwiftStudy.app */,
				07D8197123103247006450E4 /* RxSwiftStudyTests.xctest */,
				07D8197C23103247006450E4 /* RxSwiftStudyUITests.xctest */,
			);
			name = Products;
			sourceTree = "<group>";
		};
		07D8195F23103246006450E4 /* RxSwiftStudy */ = {
			isa = PBXGroup;
			children = (
				07D8196023103246006450E4 /* AppDelegate.swift */,
				07D8196223103246006450E4 /* ViewController.swift */,
				07D8196423103246006450E4 /* Main.storyboard */,
				07D8196723103247006450E4 /* Assets.xcassets */,
				07D8196923103247006450E4 /* LaunchScreen.storyboard */,
				07D8196C23103247006450E4 /* Info.plist */,
			);
			path = RxSwiftStudy;
			sourceTree = "<group>";
		};
		07D8197423103247006450E4 /* RxSwiftStudyTests */ = {
			isa = PBXGroup;
			children = (
				07D8197523103247006450E4 /* RxSwiftStudyTests.swift */,
				07D8197723103247006450E4 /* Info.plist */,
			);
			path = RxSwiftStudyTests;
			sourceTree = "<group>";
		};
		07D8197F23103247006450E4 /* RxSwiftStudyUITests */ = {
			isa = PBXGroup;
			children = (
				07D8198023103247006450E4 /* RxSwiftStudyUITests.swift */,
				07D8198223103247006450E4 /* Info.plist */,
			);
			path = RxSwiftStudyUITests;
			sourceTree = "<group>";
		};
		2E473D78462416400EEB5F9A /* Pods */ = {
			isa = PBXGroup;
			children = (
				00B05258053E88C198F4F2C5 /* Pods-RxSwiftStudy.debug.xcconfig */,
				46423A367559BAC7F790CDCE /* Pods-RxSwiftStudy.release.xcconfig */,
				728F893ABEBDDC814AE61B70 /* Pods-RxSwiftStudyTests.debug.xcconfig */,
				DAD245363075C3FFE226DDA3 /* Pods-RxSwiftStudyTests.release.xcconfig */,
				145F82073484F8A541678225 /* Pods-RxSwiftStudyUITests.debug.xcconfig */,
				F0D0200DD8C68FDF45D17E12 /* Pods-RxSwiftStudyUITests.release.xcconfig */,
			);
			name = Pods;
			path = Pods;
			sourceTree = "<group>";
		};
		BA2D99FD7DD841C7EDFB9246 /* Frameworks */ = {
			isa = PBXGroup;
			children = (
				484541C54262349B0CA0A31B /* Pods_RxSwiftStudy.framework */,
				A6FB5787101A0D423DB24495 /* Pods_RxSwiftStudyTests.framework */,
				FC9B612A072B083150312DE3 /* Pods_RxSwiftStudyUITests.framework */,
			);
			name = Frameworks;
			sourceTree = "<group>";
		};
/* End PBXGroup section */

/* Begin PBXNativeTarget section */
		07D8195C23103246006450E4 /* RxSwiftStudy */ = {
			isa = PBXNativeTarget;
			buildConfigurationList = 07D8198523103247006450E4 /* Build configuration list for PBXNativeTarget "RxSwiftStudy" */;
			buildPhases = (
				A90372C5119BBE72131863F4 /* [CP] Check Pods Manifest.lock */,
				07D8195923103246006450E4 /* Sources */,
				07D8195A23103246006450E4 /* Frameworks */,
				07D8195B23103246006450E4 /* Resources */,
				CB412FD1DA1CEB08CD51956C /* [CP] Embed Pods Frameworks */,
			);
			buildRules = (
			);
			dependencies = (
			);
			name = RxSwiftStudy;
			productName = RxSwiftStudy;
			productReference = 07D8195D23103246006450E4 /* RxSwiftStudy.app */;
			productType = "com.apple.product-type.application";
		};
		07D8197023103247006450E4 /* RxSwiftStudyTests */ = {
			isa = PBXNativeTarget;
			buildConfigurationList = 07D8198823103247006450E4 /* Build configuration list for PBXNativeTarget "RxSwiftStudyTests" */;
			buildPhases = (
				B797CC8136E6BCDAF4255A84 /* [CP] Check Pods Manifest.lock */,
				07D8196D23103247006450E4 /* Sources */,
				07D8196E23103247006450E4 /* Frameworks */,
				07D8196F23103247006450E4 /* Resources */,
			);
			buildRules = (
			);
			dependencies = (
				07D8197323103247006450E4 /* PBXTargetDependency */,
			);
			name = RxSwiftStudyTests;
			productName = RxSwiftStudyTests;
			productReference = 07D8197123103247006450E4 /* RxSwiftStudyTests.xctest */;
			productType = "com.apple.product-type.bundle.unit-test";
		};
		07D8197B23103247006450E4 /* RxSwiftStudyUITests */ = {
			isa = PBXNativeTarget;
			buildConfigurationList = 07D8198B23103247006450E4 /* Build configuration list for PBXNativeTarget "RxSwiftStudyUITests" */;
			buildPhases = (
				A55DAEC9A2881216E0C59300 /* [CP] Check Pods Manifest.lock */,
				07D8197823103247006450E4 /* Sources */,
				07D8197923103247006450E4 /* Frameworks */,
				07D8197A23103247006450E4 /* Resources */,
			);
			buildRules = (
			);
			dependencies = (
				07D8197E23103247006450E4 /* PBXTargetDependency */,
			);
			name = RxSwiftStudyUITests;
			productName = RxSwiftStudyUITests;
			productReference = 07D8197C23103247006450E4 /* RxSwiftStudyUITests.xctest */;
			productType = "com.apple.product-type.bundle.ui-testing";
		};
/* End PBXNativeTarget section */

/* Begin PBXProject section */
		07D8195523103246006450E4 /* Project object */ = {
			isa = PBXProject;
			attributes = {
				LastSwiftUpdateCheck = 1030;
				LastUpgradeCheck = 1030;
				ORGANIZATIONNAME = MinKyeongTae;
				TargetAttributes = {
					07D8195C23103246006450E4 = {
						CreatedOnToolsVersion = 10.3;
					};
					07D8197023103247006450E4 = {
						CreatedOnToolsVersion = 10.3;
						TestTargetID = 07D8195C23103246006450E4;
					};
					07D8197B23103247006450E4 = {
						CreatedOnToolsVersion = 10.3;
						TestTargetID = 07D8195C23103246006450E4;
					};
				};
			};
			buildConfigurationList = 07D8195823103246006450E4 /* Build configuration list for PBXProject "RxSwiftStudy" */;
			compatibilityVersion = "Xcode 9.3";
			developmentRegion = en;
			hasScannedForEncodings = 0;
			knownRegions = (
				en,
				Base,
			);
			mainGroup = 07D8195423103246006450E4;
			productRefGroup = 07D8195E23103246006450E4 /* Products */;
			projectDirPath = "";
			projectRoot = "";
			targets = (
				07D8195C23103246006450E4 /* RxSwiftStudy */,
				07D8197023103247006450E4 /* RxSwiftStudyTests */,
				07D8197B23103247006450E4 /* RxSwiftStudyUITests */,
			);
		};
/* End PBXProject section */

/* Begin PBXResourcesBuildPhase section */
		07D8195B23103246006450E4 /* Resources */ = {
			isa = PBXResourcesBuildPhase;
			buildActionMask = 2147483647;
			files = (
				07D8196B23103247006450E4 /* LaunchScreen.storyboard in Resources */,
				07D8196823103247006450E4 /* Assets.xcassets in Resources */,
				07D8196623103246006450E4 /* Main.storyboard in Resources */,
			);
			runOnlyForDeploymentPostprocessing = 0;
		};
		07D8196F23103247006450E4 /* Resources */ = {
			isa = PBXResourcesBuildPhase;
			buildActionMask = 2147483647;
			files = (
			);
			runOnlyForDeploymentPostprocessing = 0;
		};
		07D8197A23103247006450E4 /* Resources */ = {
			isa = PBXResourcesBuildPhase;
			buildActionMask = 2147483647;
			files = (
			);
			runOnlyForDeploymentPostprocessing = 0;
		};
/* End PBXResourcesBuildPhase section */

/* Begin PBXShellScriptBuildPhase section */
		A55DAEC9A2881216E0C59300 /* [CP] Check Pods Manifest.lock */ = {
			isa = PBXShellScriptBuildPhase;
			buildActionMask = 2147483647;
			files = (
			);
			inputFileListPaths = (
			);
			inputPaths = (
				"${PODS_PODFILE_DIR_PATH}/Podfile.lock",
				"${PODS_ROOT}/Manifest.lock",
			);
			name = "[CP] Check Pods Manifest.lock";
			outputFileListPaths = (
			);
			outputPaths = (
				"$(DERIVED_FILE_DIR)/Pods-RxSwiftStudyUITests-checkManifestLockResult.txt",
			);
			runOnlyForDeploymentPostprocessing = 0;
			shellPath = /bin/sh;
			shellScript = "diff \"${PODS_PODFILE_DIR_PATH}/Podfile.lock\" \"${PODS_ROOT}/Manifest.lock\" > /dev/null\nif [ $? != 0 ] ; then\n    # print error to STDERR\n    echo \"error: The sandbox is not in sync with the Podfile.lock. Run 'pod install' or update your CocoaPods installation.\" >&2\n    exit 1\nfi\n# This output is used by Xcode 'outputs' to avoid re-running this script phase.\necho \"SUCCESS\" > \"${SCRIPT_OUTPUT_FILE_0}\"\n";
			showEnvVarsInLog = 0;
		};
		A90372C5119BBE72131863F4 /* [CP] Check Pods Manifest.lock */ = {
			isa = PBXShellScriptBuildPhase;
			buildActionMask = 2147483647;
			files = (
			);
			inputFileListPaths = (
			);
			inputPaths = (
				"${PODS_PODFILE_DIR_PATH}/Podfile.lock",
				"${PODS_ROOT}/Manifest.lock",
			);
			name = "[CP] Check Pods Manifest.lock";
			outputFileListPaths = (
			);
			outputPaths = (
				"$(DERIVED_FILE_DIR)/Pods-RxSwiftStudy-checkManifestLockResult.txt",
			);
			runOnlyForDeploymentPostprocessing = 0;
			shellPath = /bin/sh;
			shellScript = "diff \"${PODS_PODFILE_DIR_PATH}/Podfile.lock\" \"${PODS_ROOT}/Manifest.lock\" > /dev/null\nif [ $? != 0 ] ; then\n    # print error to STDERR\n    echo \"error: The sandbox is not in sync with the Podfile.lock. Run 'pod install' or update your CocoaPods installation.\" >&2\n    exit 1\nfi\n# This output is used by Xcode 'outputs' to avoid re-running this script phase.\necho \"SUCCESS\" > \"${SCRIPT_OUTPUT_FILE_0}\"\n";
			showEnvVarsInLog = 0;
		};
		B797CC8136E6BCDAF4255A84 /* [CP] Check Pods Manifest.lock */ = {
			isa = PBXShellScriptBuildPhase;
			buildActionMask = 2147483647;
			files = (
			);
			inputFileListPaths = (
			);
			inputPaths = (
				"${PODS_PODFILE_DIR_PATH}/Podfile.lock",
				"${PODS_ROOT}/Manifest.lock",
			);
			name = "[CP] Check Pods Manifest.lock";
			outputFileListPaths = (
			);
			outputPaths = (
				"$(DERIVED_FILE_DIR)/Pods-RxSwiftStudyTests-checkManifestLockResult.txt",
			);
			runOnlyForDeploymentPostprocessing = 0;
			shellPath = /bin/sh;
			shellScript = "diff \"${PODS_PODFILE_DIR_PATH}/Podfile.lock\" \"${PODS_ROOT}/Manifest.lock\" > /dev/null\nif [ $? != 0 ] ; then\n    # print error to STDERR\n    echo \"error: The sandbox is not in sync with the Podfile.lock. Run 'pod install' or update your CocoaPods installation.\" >&2\n    exit 1\nfi\n# This output is used by Xcode 'outputs' to avoid re-running this script phase.\necho \"SUCCESS\" > \"${SCRIPT_OUTPUT_FILE_0}\"\n";
			showEnvVarsInLog = 0;
		};
		CB412FD1DA1CEB08CD51956C /* [CP] Embed Pods Frameworks */ = {
			isa = PBXShellScriptBuildPhase;
			buildActionMask = 2147483647;
			files = (
			);
			inputFileListPaths = (
				"${PODS_ROOT}/Target Support Files/Pods-RxSwiftStudy/Pods-RxSwiftStudy-frameworks-${CONFIGURATION}-input-files.xcfilelist",
			);
			name = "[CP] Embed Pods Frameworks";
			outputFileListPaths = (
				"${PODS_ROOT}/Target Support Files/Pods-RxSwiftStudy/Pods-RxSwiftStudy-frameworks-${CONFIGURATION}-output-files.xcfilelist",
			);
			runOnlyForDeploymentPostprocessing = 0;
			shellPath = /bin/sh;
			shellScript = "\"${PODS_ROOT}/Target Support Files/Pods-RxSwiftStudy/Pods-RxSwiftStudy-frameworks.sh\"\n";
			showEnvVarsInLog = 0;
		};
/* End PBXShellScriptBuildPhase section */

/* Begin PBXSourcesBuildPhase section */
		07D8195923103246006450E4 /* Sources */ = {
			isa = PBXSourcesBuildPhase;
			buildActionMask = 2147483647;
			files = (
				07D8196323103246006450E4 /* ViewController.swift in Sources */,
				07D8196123103246006450E4 /* AppDelegate.swift in Sources */,
			);
			runOnlyForDeploymentPostprocessing = 0;
		};
		07D8196D23103247006450E4 /* Sources */ = {
			isa = PBXSourcesBuildPhase;
			buildActionMask = 2147483647;
			files = (
				07D8197623103247006450E4 /* RxSwiftStudyTests.swift in Sources */,
			);
			runOnlyForDeploymentPostprocessing = 0;
		};
		07D8197823103247006450E4 /* Sources */ = {
			isa = PBXSourcesBuildPhase;
			buildActionMask = 2147483647;
			files = (
				07D8198123103247006450E4 /* RxSwiftStudyUITests.swift in Sources */,
			);
			runOnlyForDeploymentPostprocessing = 0;
		};
/* End PBXSourcesBuildPhase section */

/* Begin PBXTargetDependency section */
		07D8197323103247006450E4 /* PBXTargetDependency */ = {
			isa = PBXTargetDependency;
			target = 07D8195C23103246006450E4 /* RxSwiftStudy */;
			targetProxy = 07D8197223103247006450E4 /* PBXContainerItemProxy */;
		};
		07D8197E23103247006450E4 /* PBXTargetDependency */ = {
			isa = PBXTargetDependency;
			target = 07D8195C23103246006450E4 /* RxSwiftStudy */;
			targetProxy = 07D8197D23103247006450E4 /* PBXContainerItemProxy */;
		};
/* End PBXTargetDependency section */

/* Begin PBXVariantGroup section */
		07D8196423103246006450E4 /* Main.storyboard */ = {
			isa = PBXVariantGroup;
			children = (
				07D8196523103246006450E4 /* Base */,
			);
			name = Main.storyboard;
			sourceTree = "<group>";
		};
		07D8196923103247006450E4 /* LaunchScreen.storyboard */ = {
			isa = PBXVariantGroup;
			children = (
				07D8196A23103247006450E4 /* Base */,
			);
			name = LaunchScreen.storyboard;
			sourceTree = "<group>";
		};
/* End PBXVariantGroup section */

/* Begin XCBuildConfiguration section */
		07D8198323103247006450E4 /* Debug */ = {
			isa = XCBuildConfiguration;
			buildSettings = {
				ALWAYS_SEARCH_USER_PATHS = NO;
				CLANG_ANALYZER_NONNULL = YES;
				CLANG_ANALYZER_NUMBER_OBJECT_CONVERSION = YES_AGGRESSIVE;
				CLANG_CXX_LANGUAGE_STANDARD = "gnu++14";
				CLANG_CXX_LIBRARY = "libc++";
				CLANG_ENABLE_MODULES = YES;
				CLANG_ENABLE_OBJC_ARC = YES;
				CLANG_ENABLE_OBJC_WEAK = YES;
				CLANG_WARN_BLOCK_CAPTURE_AUTORELEASING = YES;
				CLANG_WARN_BOOL_CONVERSION = YES;
				CLANG_WARN_COMMA = YES;
				CLANG_WARN_CONSTANT_CONVERSION = YES;
				CLANG_WARN_DEPRECATED_OBJC_IMPLEMENTATIONS = YES;
				CLANG_WARN_DIRECT_OBJC_ISA_USAGE = YES_ERROR;
				CLANG_WARN_DOCUMENTATION_COMMENTS = YES;
				CLANG_WARN_EMPTY_BODY = YES;
				CLANG_WARN_ENUM_CONVERSION = YES;
				CLANG_WARN_INFINITE_RECURSION = YES;
				CLANG_WARN_INT_CONVERSION = YES;
				CLANG_WARN_NON_LITERAL_NULL_CONVERSION = YES;
				CLANG_WARN_OBJC_IMPLICIT_RETAIN_SELF = YES;
				CLANG_WARN_OBJC_LITERAL_CONVERSION = YES;
				CLANG_WARN_OBJC_ROOT_CLASS = YES_ERROR;
				CLANG_WARN_RANGE_LOOP_ANALYSIS = YES;
				CLANG_WARN_STRICT_PROTOTYPES = YES;
				CLANG_WARN_SUSPICIOUS_MOVE = YES;
				CLANG_WARN_UNGUARDED_AVAILABILITY = YES_AGGRESSIVE;
				CLANG_WARN_UNREACHABLE_CODE = YES;
				CLANG_WARN__DUPLICATE_METHOD_MATCH = YES;
				CODE_SIGN_IDENTITY = "iPhone Developer";
				COPY_PHASE_STRIP = NO;
				DEBUG_INFORMATION_FORMAT = dwarf;
				ENABLE_STRICT_OBJC_MSGSEND = YES;
				ENABLE_TESTABILITY = YES;
				GCC_C_LANGUAGE_STANDARD = gnu11;
				GCC_DYNAMIC_NO_PIC = NO;
				GCC_NO_COMMON_BLOCKS = YES;
				GCC_OPTIMIZATION_LEVEL = 0;
				GCC_PREPROCESSOR_DEFINITIONS = (
					"DEBUG=1",
					"$(inherited)",
				);
				GCC_WARN_64_TO_32_BIT_CONVERSION = YES;
				GCC_WARN_ABOUT_RETURN_TYPE = YES_ERROR;
				GCC_WARN_UNDECLARED_SELECTOR = YES;
				GCC_WARN_UNINITIALIZED_AUTOS = YES_AGGRESSIVE;
				GCC_WARN_UNUSED_FUNCTION = YES;
				GCC_WARN_UNUSED_VARIABLE = YES;
				IPHONEOS_DEPLOYMENT_TARGET = 12.4;
				MTL_ENABLE_DEBUG_INFO = INCLUDE_SOURCE;
				MTL_FAST_MATH = YES;
				ONLY_ACTIVE_ARCH = YES;
				SDKROOT = iphoneos;
				SWIFT_ACTIVE_COMPILATION_CONDITIONS = DEBUG;
				SWIFT_OPTIMIZATION_LEVEL = "-Onone";
			};
			name = Debug;
		};
		07D8198423103247006450E4 /* Release */ = {
			isa = XCBuildConfiguration;
			buildSettings = {
				ALWAYS_SEARCH_USER_PATHS = NO;
				CLANG_ANALYZER_NONNULL = YES;
				CLANG_ANALYZER_NUMBER_OBJECT_CONVERSION = YES_AGGRESSIVE;
				CLANG_CXX_LANGUAGE_STANDARD = "gnu++14";
				CLANG_CXX_LIBRARY = "libc++";
				CLANG_ENABLE_MODULES = YES;
				CLANG_ENABLE_OBJC_ARC = YES;
				CLANG_ENABLE_OBJC_WEAK = YES;
				CLANG_WARN_BLOCK_CAPTURE_AUTORELEASING = YES;
				CLANG_WARN_BOOL_CONVERSION = YES;
				CLANG_WARN_COMMA = YES;
				CLANG_WARN_CONSTANT_CONVERSION = YES;
				CLANG_WARN_DEPRECATED_OBJC_IMPLEMENTATIONS = YES;
				CLANG_WARN_DIRECT_OBJC_ISA_USAGE = YES_ERROR;
				CLANG_WARN_DOCUMENTATION_COMMENTS = YES;
				CLANG_WARN_EMPTY_BODY = YES;
				CLANG_WARN_ENUM_CONVERSION = YES;
				CLANG_WARN_INFINITE_RECURSION = YES;
				CLANG_WARN_INT_CONVERSION = YES;
				CLANG_WARN_NON_LITERAL_NULL_CONVERSION = YES;
				CLANG_WARN_OBJC_IMPLICIT_RETAIN_SELF = YES;
				CLANG_WARN_OBJC_LITERAL_CONVERSION = YES;
				CLANG_WARN_OBJC_ROOT_CLASS = YES_ERROR;
				CLANG_WARN_RANGE_LOOP_ANALYSIS = YES;
				CLANG_WARN_STRICT_PROTOTYPES = YES;
				CLANG_WARN_SUSPICIOUS_MOVE = YES;
				CLANG_WARN_UNGUARDED_AVAILABILITY = YES_AGGRESSIVE;
				CLANG_WARN_UNREACHABLE_CODE = YES;
				CLANG_WARN__DUPLICATE_METHOD_MATCH = YES;
				CODE_SIGN_IDENTITY = "iPhone Developer";
				COPY_PHASE_STRIP = NO;
				DEBUG_INFORMATION_FORMAT = "dwarf-with-dsym";
				ENABLE_NS_ASSERTIONS = NO;
				ENABLE_STRICT_OBJC_MSGSEND = YES;
				GCC_C_LANGUAGE_STANDARD = gnu11;
				GCC_NO_COMMON_BLOCKS = YES;
				GCC_WARN_64_TO_32_BIT_CONVERSION = YES;
				GCC_WARN_ABOUT_RETURN_TYPE = YES_ERROR;
				GCC_WARN_UNDECLARED_SELECTOR = YES;
				GCC_WARN_UNINITIALIZED_AUTOS = YES_AGGRESSIVE;
				GCC_WARN_UNUSED_FUNCTION = YES;
				GCC_WARN_UNUSED_VARIABLE = YES;
				IPHONEOS_DEPLOYMENT_TARGET = 12.4;
				MTL_ENABLE_DEBUG_INFO = NO;
				MTL_FAST_MATH = YES;
				SDKROOT = iphoneos;
				SWIFT_COMPILATION_MODE = wholemodule;
				SWIFT_OPTIMIZATION_LEVEL = "-O";
				VALIDATE_PRODUCT = YES;
			};
			name = Release;
		};
		07D8198623103247006450E4 /* Debug */ = {
			isa = XCBuildConfiguration;
			baseConfigurationReference = 00B05258053E88C198F4F2C5 /* Pods-RxSwiftStudy.debug.xcconfig */;
			buildSettings = {
				ASSETCATALOG_COMPILER_APPICON_NAME = AppIcon;
				CODE_SIGN_STYLE = Automatic;
				DEVELOPMENT_TEAM = NF9G85TZ2T;
				INFOPLIST_FILE = RxSwiftStudy/Info.plist;
				LD_RUNPATH_SEARCH_PATHS = (
					"$(inherited)",
					"@executable_path/Frameworks",
				);
				PRODUCT_BUNDLE_IDENTIFIER = OurTrees.RxSwiftStudy;
				PRODUCT_NAME = "$(TARGET_NAME)";
				SWIFT_VERSION = 5.0;
				TARGETED_DEVICE_FAMILY = "1,2";
			};
			name = Debug;
		};
		07D8198723103247006450E4 /* Release */ = {
			isa = XCBuildConfiguration;
			baseConfigurationReference = 46423A367559BAC7F790CDCE /* Pods-RxSwiftStudy.release.xcconfig */;
			buildSettings = {
				ASSETCATALOG_COMPILER_APPICON_NAME = AppIcon;
				CODE_SIGN_STYLE = Automatic;
				DEVELOPMENT_TEAM = NF9G85TZ2T;
				INFOPLIST_FILE = RxSwiftStudy/Info.plist;
				LD_RUNPATH_SEARCH_PATHS = (
					"$(inherited)",
					"@executable_path/Frameworks",
				);
				PRODUCT_BUNDLE_IDENTIFIER = OurTrees.RxSwiftStudy;
				PRODUCT_NAME = "$(TARGET_NAME)";
				SWIFT_VERSION = 5.0;
				TARGETED_DEVICE_FAMILY = "1,2";
			};
			name = Release;
		};
		07D8198923103247006450E4 /* Debug */ = {
			isa = XCBuildConfiguration;
			baseConfigurationReference = 728F893ABEBDDC814AE61B70 /* Pods-RxSwiftStudyTests.debug.xcconfig */;
			buildSettings = {
				ALWAYS_EMBED_SWIFT_STANDARD_LIBRARIES = YES;
				BUNDLE_LOADER = "$(TEST_HOST)";
				CODE_SIGN_STYLE = Automatic;
				DEVELOPMENT_TEAM = NF9G85TZ2T;
				INFOPLIST_FILE = RxSwiftStudyTests/Info.plist;
				LD_RUNPATH_SEARCH_PATHS = (
					"$(inherited)",
					"@executable_path/Frameworks",
					"@loader_path/Frameworks",
				);
				PRODUCT_BUNDLE_IDENTIFIER = OurTrees.RxSwiftStudyTests;
				PRODUCT_NAME = "$(TARGET_NAME)";
				SWIFT_VERSION = 5.0;
				TARGETED_DEVICE_FAMILY = "1,2";
				TEST_HOST = "$(BUILT_PRODUCTS_DIR)/RxSwiftStudy.app/RxSwiftStudy";
			};
			name = Debug;
		};
		07D8198A23103247006450E4 /* Release */ = {
			isa = XCBuildConfiguration;
			baseConfigurationReference = DAD245363075C3FFE226DDA3 /* Pods-RxSwiftStudyTests.release.xcconfig */;
			buildSettings = {
				ALWAYS_EMBED_SWIFT_STANDARD_LIBRARIES = YES;
				BUNDLE_LOADER = "$(TEST_HOST)";
				CODE_SIGN_STYLE = Automatic;
				DEVELOPMENT_TEAM = NF9G85TZ2T;
				INFOPLIST_FILE = RxSwiftStudyTests/Info.plist;
				LD_RUNPATH_SEARCH_PATHS = (
					"$(inherited)",
					"@executable_path/Frameworks",
					"@loader_path/Frameworks",
				);
				PRODUCT_BUNDLE_IDENTIFIER = OurTrees.RxSwiftStudyTests;
				PRODUCT_NAME = "$(TARGET_NAME)";
				SWIFT_VERSION = 5.0;
				TARGETED_DEVICE_FAMILY = "1,2";
				TEST_HOST = "$(BUILT_PRODUCTS_DIR)/RxSwiftStudy.app/RxSwiftStudy";
			};
			name = Release;
		};
		07D8198C23103247006450E4 /* Debug */ = {
			isa = XCBuildConfiguration;
			baseConfigurationReference = 145F82073484F8A541678225 /* Pods-RxSwiftStudyUITests.debug.xcconfig */;
			buildSettings = {
				ALWAYS_EMBED_SWIFT_STANDARD_LIBRARIES = YES;
				CODE_SIGN_STYLE = Automatic;
				DEVELOPMENT_TEAM = NF9G85TZ2T;
				INFOPLIST_FILE = RxSwiftStudyUITests/Info.plist;
				LD_RUNPATH_SEARCH_PATHS = (
					"$(inherited)",
					"@executable_path/Frameworks",
					"@loader_path/Frameworks",
				);
				PRODUCT_BUNDLE_IDENTIFIER = OurTrees.RxSwiftStudyUITests;
				PRODUCT_NAME = "$(TARGET_NAME)";
				SWIFT_VERSION = 5.0;
				TARGETED_DEVICE_FAMILY = "1,2";
				TEST_TARGET_NAME = RxSwiftStudy;
			};
			name = Debug;
		};
		07D8198D23103247006450E4 /* Release */ = {
			isa = XCBuildConfiguration;
			baseConfigurationReference = F0D0200DD8C68FDF45D17E12 /* Pods-RxSwiftStudyUITests.release.xcconfig */;
			buildSettings = {
				ALWAYS_EMBED_SWIFT_STANDARD_LIBRARIES = YES;
				CODE_SIGN_STYLE = Automatic;
				DEVELOPMENT_TEAM = NF9G85TZ2T;
				INFOPLIST_FILE = RxSwiftStudyUITests/Info.plist;
				LD_RUNPATH_SEARCH_PATHS = (
					"$(inherited)",
					"@executable_path/Frameworks",
					"@loader_path/Frameworks",
				);
				PRODUCT_BUNDLE_IDENTIFIER = OurTrees.RxSwiftStudyUITests;
				PRODUCT_NAME = "$(TARGET_NAME)";
				SWIFT_VERSION = 5.0;
				TARGETED_DEVICE_FAMILY = "1,2";
				TEST_TARGET_NAME = RxSwiftStudy;
			};
			name = Release;
		};
/* End XCBuildConfiguration section */

/* Begin XCConfigurationList section */
		07D8195823103246006450E4 /* Build configuration list for PBXProject "RxSwiftStudy" */ = {
			isa = XCConfigurationList;
			buildConfigurations = (
				07D8198323103247006450E4 /* Debug */,
				07D8198423103247006450E4 /* Release */,
			);
			defaultConfigurationIsVisible = 0;
			defaultConfigurationName = Release;
		};
		07D8198523103247006450E4 /* Build configuration list for PBXNativeTarget "RxSwiftStudy" */ = {
			isa = XCConfigurationList;
			buildConfigurations = (
				07D8198623103247006450E4 /* Debug */,
				07D8198723103247006450E4 /* Release */,
			);
			defaultConfigurationIsVisible = 0;
			defaultConfigurationName = Release;
		};
		07D8198823103247006450E4 /* Build configuration list for PBXNativeTarget "RxSwiftStudyTests" */ = {
			isa = XCConfigurationList;
			buildConfigurations = (
				07D8198923103247006450E4 /* Debug */,
				07D8198A23103247006450E4 /* Release */,
			);
			defaultConfigurationIsVisible = 0;
			defaultConfigurationName = Release;
		};
		07D8198B23103247006450E4 /* Build configuration list for PBXNativeTarget "RxSwiftStudyUITests" */ = {
			isa = XCConfigurationList;
			buildConfigurations = (
				07D8198C23103247006450E4 /* Debug */,
				07D8198D23103247006450E4 /* Release */,
			);
			defaultConfigurationIsVisible = 0;
			defaultConfigurationName = Release;
		};
/* End XCConfigurationList section */
	};
	rootObject = 07D8195523103246006450E4 /* Project object */;
}
